
Microsoft Visual Studio Solution File, Format Version 12.00
# Visual Studio 14
VisualStudioVersion = 14.0.25420.1
MinimumVisualStudioVersion = 10.0.40219.1
Project("{FAE04EC0-301F-11D3-BF4B-00C04F79EFBC}") = "WebApi", "WebApi\WebApi.csproj", "{D0CBE132-C148-4498-97D7-B8BDB6EFE20B}"
EndProject
Project("{2150E333-8FDC-42A3-9474-1A3956D46DE8}") = "2. Application", "2. Application", "{718A641D-2F20-4439-AC4F-05ACCE55911A}"
EndProject
Project("{2150E333-8FDC-42A3-9474-1A3956D46DE8}") = "3. Dominio", "3. Dominio", "{6D8392F7-A3ED-45EB-9910-DE3DAB962990}"
EndProject
Project("{2150E333-8FDC-42A3-9474-1A3956D46DE8}") = "1. WebApi", "1. WebApi", "{6CF9AC2B-9BE4-43C8-95F6-3B394E098A1D}"
EndProject
Project("{2150E333-8FDC-42A3-9474-1A3956D46DE8}") = "4. Infraestructura", "4. Infraestructura", "{560B97F0-F0C3-4EAE-BF18-302194BD9EA8}"
EndProject
Project("{2150E333-8FDC-42A3-9474-1A3956D46DE8}") = "3.1 Entity", "3.1 Entity", "{6E96CE80-A04B-495B-8258-BE3772E2162E}"
EndProject
Project("{2150E333-8FDC-42A3-9474-1A3956D46DE8}") = "2.1 Common", "2.1 Common", "{3172F0DB-7AC7-4A5F-A7FE-2947127EAD13}"
EndProject
Project("{2150E333-8FDC-42A3-9474-1A3956D46DE8}") = "2.2 Dto", "2.2 Dto", "{D34BA849-E5B5-4A0F-861C-D8566BB0CD39}"
EndProject
Project("{2150E333-8FDC-42A3-9474-1A3956D46DE8}") = "2.3 Service", "2.3 Service", "{ED24F572-41CA-43A1-8BA9-87337BE1C740}"
EndProject
Project("{2150E333-8FDC-42A3-9474-1A3956D46DE8}") = "3.2 Service", "3.2 Service", "{DC92C92B-37C6-49CB-A988-7BE4AFCE6637}"
EndProject
Project("{2150E333-8FDC-42A3-9474-1A3956D46DE8}") = "3.3 Repository", "3.3 Repository", "{18F00BDD-4833-4486-BBFE-E0812161E5F1}"
EndProject
Project("{2150E333-8FDC-42A3-9474-1A3956D46DE8}") = "4.1 Common", "4.1 Common", "{867C6F87-D2C1-4D2C-BCFA-598AD9690D72}"
EndProject
Project("{2150E333-8FDC-42A3-9474-1A3956D46DE8}") = "4.2 Repository", "4.2 Repository", "{16582F9F-9F5B-4589-8029-763739C061C1}"
EndProject
Project("{FAE04EC0-301F-11D3-BF4B-00C04F79EFBC}") = "Beca.Application.Exceptions", "Beca.Application.Exceptions\Beca.Application.Exceptions.csproj", "{0B434527-BAB8-4131-A032-3FCA24B58E8A}"
EndProject
Project("{FAE04EC0-301F-11D3-BF4B-00C04F79EFBC}") = "Beca.Application.Dto", "Beca.Application.Dto\Beca.Application.Dto.csproj", "{1DB1F896-9AD7-498F-9CEC-12C7BA0BA26A}"
EndProject
Project("{FAE04EC0-301F-11D3-BF4B-00C04F79EFBC}") = "Beca.Domain.Entity", "Beca.Domain.Entity\Beca.Domain.Entity.csproj", "{CCFAC0FC-38E0-4A9F-A318-2E0EEE29A457}"
EndProject
Project("{FAE04EC0-301F-11D3-BF4B-00C04F79EFBC}") = "Beca.Domain.Repository", "Beca.Domain.Repository\Beca.Domain.Repository.csproj", "{F8A24E76-3A7F-486A-85E7-C8F3F1C671B1}"
EndProject
Project("{FAE04EC0-301F-11D3-BF4B-00C04F79EFBC}") = "Beca.Infrastructure.Common", "Beca.Infrastucture.Common\Beca.Infrastructure.Common.csproj", "{DE15E4CC-DDAE-4439-9F18-27C04464F38F}"
EndProject
Project("{FAE04EC0-301F-11D3-BF4B-00C04F79EFBC}") = "Beca.Infrastructure.EntityFramework", "Beca.Infrastructure.EntityFramework\Beca.Infrastructure.EntityFramework.csproj", "{8434FCC7-752D-4722-AAEB-62DB5EF69508}"
EndProject
Global
	GlobalSection(SolutionConfigurationPlatforms) = preSolution
		Debug|Any CPU = Debug|Any CPU
		Release|Any CPU = Release|Any CPU
	EndGlobalSection
	GlobalSection(ProjectConfigurationPlatforms) = postSolution
		{D0CBE132-C148-4498-97D7-B8BDB6EFE20B}.Debug|Any CPU.ActiveCfg = Debug|Any CPU
		{D0CBE132-C148-4498-97D7-B8BDB6EFE20B}.Debug|Any CPU.Build.0 = Debug|Any CPU
		{D0CBE132-C148-4498-97D7-B8BDB6EFE20B}.Release|Any CPU.ActiveCfg = Release|Any CPU
		{D0CBE132-C148-4498-97D7-B8BDB6EFE20B}.Release|Any CPU.Build.0 = Release|Any CPU
		{0B434527-BAB8-4131-A032-3FCA24B58E8A}.Debug|Any CPU.ActiveCfg = Debug|Any CPU
		{0B434527-BAB8-4131-A032-3FCA24B58E8A}.Debug|Any CPU.Build.0 = Debug|Any CPU
		{0B434527-BAB8-4131-A032-3FCA24B58E8A}.Release|Any CPU.ActiveCfg = Release|Any CPU
		{0B434527-BAB8-4131-A032-3FCA24B58E8A}.Release|Any CPU.Build.0 = Release|Any CPU
		{1DB1F896-9AD7-498F-9CEC-12C7BA0BA26A}.Debug|Any CPU.ActiveCfg = Debug|Any CPU
		{1DB1F896-9AD7-498F-9CEC-12C7BA0BA26A}.Debug|Any CPU.Build.0 = Debug|Any CPU
		{1DB1F896-9AD7-498F-9CEC-12C7BA0BA26A}.Release|Any CPU.ActiveCfg = Release|Any CPU
		{1DB1F896-9AD7-498F-9CEC-12C7BA0BA26A}.Release|Any CPU.Build.0 = Release|Any CPU
		{CCFAC0FC-38E0-4A9F-A318-2E0EEE29A457}.Debug|Any CPU.ActiveCfg = Debug|Any CPU
		{CCFAC0FC-38E0-4A9F-A318-2E0EEE29A457}.Debug|Any CPU.Build.0 = Debug|Any CPU
		{CCFAC0FC-38E0-4A9F-A318-2E0EEE29A457}.Release|Any CPU.ActiveCfg = Release|Any CPU
		{CCFAC0FC-38E0-4A9F-A318-2E0EEE29A457}.Release|Any CPU.Build.0 = Release|Any CPU
		{F8A24E76-3A7F-486A-85E7-C8F3F1C671B1}.Debug|Any CPU.ActiveCfg = Debug|Any CPU
		{F8A24E76-3A7F-486A-85E7-C8F3F1C671B1}.Debug|Any CPU.Build.0 = Debug|Any CPU
		{F8A24E76-3A7F-486A-85E7-C8F3F1C671B1}.Release|Any CPU.ActiveCfg = Release|Any CPU
		{F8A24E76-3A7F-486A-85E7-C8F3F1C671B1}.Release|Any CPU.Build.0 = Release|Any CPU
		{DE15E4CC-DDAE-4439-9F18-27C04464F38F}.Debug|Any CPU.ActiveCfg = Debug|Any CPU
		{DE15E4CC-DDAE-4439-9F18-27C04464F38F}.Debug|Any CPU.Build.0 = Debug|Any CPU
		{DE15E4CC-DDAE-4439-9F18-27C04464F38F}.Release|Any CPU.ActiveCfg = Release|Any CPU
		{DE15E4CC-DDAE-4439-9F18-27C04464F38F}.Release|Any CPU.Build.0 = Release|Any CPU
		{8434FCC7-752D-4722-AAEB-62DB5EF69508}.Debug|Any CPU.ActiveCfg = Debug|Any CPU
		{8434FCC7-752D-4722-AAEB-62DB5EF69508}.Debug|Any CPU.Build.0 = Debug|Any CPU
		{8434FCC7-752D-4722-AAEB-62DB5EF69508}.Release|Any CPU.ActiveCfg = Release|Any CPU
		{8434FCC7-752D-4722-AAEB-62DB5EF69508}.Release|Any CPU.Build.0 = Release|Any CPU
	EndGlobalSection
	GlobalSection(SolutionProperties) = preSolution
		HideSolutionNode = FALSE
	EndGlobalSection
	GlobalSection(NestedProjects) = preSolution
		{D0CBE132-C148-4498-97D7-B8BDB6EFE20B} = {6CF9AC2B-9BE4-43C8-95F6-3B394E098A1D}
		{6E96CE80-A04B-495B-8258-BE3772E2162E} = {6D8392F7-A3ED-45EB-9910-DE3DAB962990}
		{3172F0DB-7AC7-4A5F-A7FE-2947127EAD13} = {718A641D-2F20-4439-AC4F-05ACCE55911A}
		{D34BA849-E5B5-4A0F-861C-D8566BB0CD39} = {718A641D-2F20-4439-AC4F-05ACCE55911A}
		{ED24F572-41CA-43A1-8BA9-87337BE1C740} = {718A641D-2F20-4439-AC4F-05ACCE55911A}
		{DC92C92B-37C6-49CB-A988-7BE4AFCE6637} = {6D8392F7-A3ED-45EB-9910-DE3DAB962990}
		{18F00BDD-4833-4486-BBFE-E0812161E5F1} = {6D8392F7-A3ED-45EB-9910-DE3DAB962990}
		{867C6F87-D2C1-4D2C-BCFA-598AD9690D72} = {560B97F0-F0C3-4EAE-BF18-302194BD9EA8}
		{16582F9F-9F5B-4589-8029-763739C061C1} = {560B97F0-F0C3-4EAE-BF18-302194BD9EA8}
		{0B434527-BAB8-4131-A032-3FCA24B58E8A} = {3172F0DB-7AC7-4A5F-A7FE-2947127EAD13}
		{1DB1F896-9AD7-498F-9CEC-12C7BA0BA26A} = {D34BA849-E5B5-4A0F-861C-D8566BB0CD39}
		{CCFAC0FC-38E0-4A9F-A318-2E0EEE29A457} = {6E96CE80-A04B-495B-8258-BE3772E2162E}
		{F8A24E76-3A7F-486A-85E7-C8F3F1C671B1} = {18F00BDD-4833-4486-BBFE-E0812161E5F1}
		{DE15E4CC-DDAE-4439-9F18-27C04464F38F} = {867C6F87-D2C1-4D2C-BCFA-598AD9690D72}
		{8434FCC7-752D-4722-AAEB-62DB5EF69508} = {16582F9F-9F5B-4589-8029-763739C061C1}
	EndGlobalSection
EndGlobal
